
Microsoft Visual Studio Solution File, Format Version 12.00
# Visual Studio Version 16
VisualStudioVersion = 16.0.30523.141
MinimumVisualStudioVersion = 10.0.40219.1
Project("{FAE04EC0-301F-11D3-BF4B-00C04F79EFBC}") = "testtesttillfilmen", "testtesttillfilmen.csproj", "{F8E977E3-F070-4889-A5AC-BD1A20675DD5}"
EndProject
Global
	GlobalSection(SolutionConfigurationPlatforms) = preSolution
		Debug|Any CPU = Debug|Any CPU
		Release|Any CPU = Release|Any CPU
	EndGlobalSection
	GlobalSection(ProjectConfigurationPlatforms) = postSolution
		{F8E977E3-F070-4889-A5AC-BD1A20675DD5}.Debug|Any CPU.ActiveCfg = Debug|Any CPU
		{F8E977E3-F070-4889-A5AC-BD1A20675DD5}.Debug|Any CPU.Build.0 = Debug|Any CPU
		{F8E977E3-F070-4889-A5AC-BD1A20675DD5}.Release|Any CPU.ActiveCfg = Release|Any CPU
		{F8E977E3-F070-4889-A5AC-BD1A20675DD5}.Release|Any CPU.Build.0 = Release|Any CPU
	EndGlobalSection
	GlobalSection(SolutionProperties) = preSolution
		HideSolutionNode = FALSE
	EndGlobalSection
	GlobalSection(ExtensibilityGlobals) = postSolution
		SolutionGuid = {9E73D9F8-5ADA-4E8B-913D-82DAFECC74D4}
	EndGlobalSection
EndGlobal
